
Microsoft Visual Studio Solution File, Format Version 12.00
# Visual Studio Version 17
VisualStudioVersion = 17.0.31903.59
MinimumVisualStudioVersion = 10.0.40219.1
Project("{FAE04EC0-301F-11D3-BF4B-00C04F79EFBC}") = "Domain", "Domain\Domain.csproj", "{DBBB1BC9-5477-401F-9016-D993EF831DA8}"
EndProject
Project("{FAE04EC0-301F-11D3-BF4B-00C04F79EFBC}") = "Infrastructure", "Infrastructure\Infrastructure.csproj", "{04C6F464-EDDE-4BD8-850A-66565927DD64}"
EndProject
Project("{FAE04EC0-301F-11D3-BF4B-00C04F79EFBC}") = "Application", "Application\Application.csproj", "{CF9D3D5D-8BF9-44F1-B418-B9590AF53F84}"
EndProject
Project("{FAE04EC0-301F-11D3-BF4B-00C04F79EFBC}") = "API", "API\API.csproj", "{8B734CBD-49D3-4C1C-8F5B-B034C5994614}"
EndProject
Global
	GlobalSection(SolutionConfigurationPlatforms) = preSolution
		Debug|Any CPU = Debug|Any CPU
		Release|Any CPU = Release|Any CPU
	EndGlobalSection
	GlobalSection(SolutionProperties) = preSolution
		HideSolutionNode = FALSE
	EndGlobalSection
	GlobalSection(ProjectConfigurationPlatforms) = postSolution
		{DBBB1BC9-5477-401F-9016-D993EF831DA8}.Debug|Any CPU.ActiveCfg = Debug|Any CPU
		{DBBB1BC9-5477-401F-9016-D993EF831DA8}.Debug|Any CPU.Build.0 = Debug|Any CPU
		{DBBB1BC9-5477-401F-9016-D993EF831DA8}.Release|Any CPU.ActiveCfg = Release|Any CPU
		{DBBB1BC9-5477-401F-9016-D993EF831DA8}.Release|Any CPU.Build.0 = Release|Any CPU
		{04C6F464-EDDE-4BD8-850A-66565927DD64}.Debug|Any CPU.ActiveCfg = Debug|Any CPU
		{04C6F464-EDDE-4BD8-850A-66565927DD64}.Debug|Any CPU.Build.0 = Debug|Any CPU
		{04C6F464-EDDE-4BD8-850A-66565927DD64}.Release|Any CPU.ActiveCfg = Release|Any CPU
		{04C6F464-EDDE-4BD8-850A-66565927DD64}.Release|Any CPU.Build.0 = Release|Any CPU
		{CF9D3D5D-8BF9-44F1-B418-B9590AF53F84}.Debug|Any CPU.ActiveCfg = Debug|Any CPU
		{CF9D3D5D-8BF9-44F1-B418-B9590AF53F84}.Debug|Any CPU.Build.0 = Debug|Any CPU
		{CF9D3D5D-8BF9-44F1-B418-B9590AF53F84}.Release|Any CPU.ActiveCfg = Release|Any CPU
		{CF9D3D5D-8BF9-44F1-B418-B9590AF53F84}.Release|Any CPU.Build.0 = Release|Any CPU
		{8B734CBD-49D3-4C1C-8F5B-B034C5994614}.Debug|Any CPU.ActiveCfg = Debug|Any CPU
		{8B734CBD-49D3-4C1C-8F5B-B034C5994614}.Debug|Any CPU.Build.0 = Debug|Any CPU
		{8B734CBD-49D3-4C1C-8F5B-B034C5994614}.Release|Any CPU.ActiveCfg = Release|Any CPU
		{8B734CBD-49D3-4C1C-8F5B-B034C5994614}.Release|Any CPU.Build.0 = Release|Any CPU
	EndGlobalSection
EndGlobal
